{
  "version": 4,
  "terraform_version": "1.9.6",
  "serial": 47,
  "lineage": "5b5278f0-b0cc-0632-c09e-303f4610d189",
  "outputs": {},
  "resources": [
    {
      "mode": "managed",
      "type": "aws_eip",
      "name": "one",
      "provider": "provider[\"registry.terraform.io/hashicorp/aws\"]",
      "instances": [
        {
          "status": "tainted",
          "schema_version": 0,
          "attributes": {
            "address": null,
            "allocation_id": null,
            "arn": null,
            "associate_with_private_ip": "10.0.1.50",
            "association_id": null,
            "carrier_ip": null,
            "customer_owned_ip": null,
            "customer_owned_ipv4_pool": null,
            "domain": "vpc",
            "id": "eipalloc-0c8273b9cb5a9f0bd",
            "instance": null,
            "network_border_group": null,
            "network_interface": "eni-07b192a0e60261936",
            "private_dns": null,
            "private_ip": null,
            "ptr_record": null,
            "public_dns": null,
            "public_ip": null,
            "public_ipv4_pool": null,
            "tags": null,
            "tags_all": null,
            "timeouts": null,
            "vpc": null
          },
          "sensitive_attributes": [],
          "private": "eyJlMmJmYjczMC1lY2FhLTExZTYtOGY4OC0zNDM2M2JjN2M0YzAiOnsiZGVsZXRlIjoxODAwMDAwMDAwMDAsInJlYWQiOjkwMDAwMDAwMDAwMCwidXBkYXRlIjozMDAwMDAwMDAwMDB9fQ==",
          "dependencies": [
            "aws_internet_gateway.gw",
            "aws_network_interface.web-server-nic",
            "aws_security_group.allow_web_ssh",
            "aws_subnet.subnet-1",
            "aws_vpc.prod-vpc"
          ]
        }
      ]
    },
    {
      "mode": "managed",
      "type": "aws_instance",
      "name": "web-server-instance",
      "provider": "provider[\"registry.terraform.io/hashicorp/aws\"]",
      "instances": [
        {
          "schema_version": 1,
          "attributes": {
            "ami": "ami-0e86e20dae9224db8",
            "arn": "arn:aws:ec2:us-east-1:637423240208:instance/i-0bd6fb76f251600a4",
            "associate_public_ip_address": false,
            "availability_zone": "us-east-1a",
            "capacity_reservation_specification": [
              {
                "capacity_reservation_preference": "open",
                "capacity_reservation_target": []
              }
            ],
            "cpu_core_count": 1,
            "cpu_options": [
              {
                "amd_sev_snp": "",
                "core_count": 1,
                "threads_per_core": 1
              }
            ],
            "cpu_threads_per_core": 1,
            "credit_specification": [
              {
                "cpu_credits": "standard"
              }
            ],
            "disable_api_stop": false,
            "disable_api_termination": false,
            "ebs_block_device": [],
            "ebs_optimized": false,
            "enclave_options": [
              {
                "enabled": false
              }
            ],
            "ephemeral_block_device": [],
            "get_password_data": false,
            "hibernation": false,
            "host_id": "",
            "host_resource_group_arn": null,
            "iam_instance_profile": "",
            "id": "i-0bd6fb76f251600a4",
            "instance_initiated_shutdown_behavior": "stop",
            "instance_lifecycle": "",
            "instance_market_options": [],
            "instance_state": "running",
            "instance_type": "t2.micro",
            "ipv6_address_count": 0,
            "ipv6_addresses": [],
            "key_name": "access-key",
            "launch_template": [],
            "maintenance_options": [
              {
                "auto_recovery": "default"
              }
            ],
            "metadata_options": [
              {
                "http_endpoint": "enabled",
                "http_protocol_ipv6": "disabled",
                "http_put_response_hop_limit": 2,
                "http_tokens": "required",
                "instance_metadata_tags": "disabled"
              }
            ],
            "monitoring": false,
            "network_interface": [
              {
                "delete_on_termination": false,
                "device_index": 0,
                "network_card_index": 0,
                "network_interface_id": "eni-07b192a0e60261936"
              }
            ],
            "outpost_arn": "",
            "password_data": "",
            "placement_group": "",
            "placement_partition_number": 0,
            "primary_network_interface_id": "eni-07b192a0e60261936",
            "private_dns": "ip-10-0-1-50.ec2.internal",
            "private_dns_name_options": [
              {
                "enable_resource_name_dns_a_record": false,
                "enable_resource_name_dns_aaaa_record": false,
                "hostname_type": "ip-name"
              }
            ],
            "private_ip": "10.0.1.50",
            "public_dns": "",
            "public_ip": "",
            "root_block_device": [
              {
                "delete_on_termination": true,
                "device_name": "/dev/sda1",
                "encrypted": false,
                "iops": 3000,
                "kms_key_id": "",
                "tags": {},
                "tags_all": {},
                "throughput": 125,
                "volume_id": "vol-08753ba7cb88eead0",
                "volume_size": 8,
                "volume_type": "gp3"
              }
            ],
            "secondary_private_ips": [],
            "security_groups": [],
            "source_dest_check": true,
            "spot_instance_request_id": "",
            "subnet_id": "subnet-0ee9b84fae93bf079",
            "tags": {
              "Name": "web-server"
            },
            "tags_all": {
              "Name": "web-server"
            },
            "tenancy": "default",
            "timeouts": null,
            "user_data": "d4de990a69ab22b4b81571e9bc724cf48cf61e1b",
            "user_data_base64": null,
            "user_data_replace_on_change": false,
            "volume_tags": null,
            "vpc_security_group_ids": [
              "sg-0a7c47fa97f3d78a8"
            ]
          },
          "sensitive_attributes": [],
          "private": "eyJlMmJmYjczMC1lY2FhLTExZTYtOGY4OC0zNDM2M2JjN2M0YzAiOnsiY3JlYXRlIjo2MDAwMDAwMDAwMDAsImRlbGV0ZSI6MTIwMDAwMDAwMDAwMCwicmVhZCI6OTAwMDAwMDAwMDAwLCJ1cGRhdGUiOjYwMDAwMDAwMDAwMH0sInNjaGVtYV92ZXJzaW9uIjoiMSJ9",
          "dependencies": [
            "aws_network_interface.web-server-nic",
            "aws_security_group.allow_web_ssh",
            "aws_subnet.subnet-1",
            "aws_vpc.prod-vpc"
          ]
        }
      ]
    },
    {
      "mode": "managed",
      "type": "aws_internet_gateway",
      "name": "gw",
      "provider": "provider[\"registry.terraform.io/hashicorp/aws\"]",
      "instances": [
        {
          "schema_version": 0,
          "attributes": {
            "arn": "arn:aws:ec2:us-east-1:637423240208:internet-gateway/igw-0d80cef8c731fd741",
            "id": "igw-0d80cef8c731fd741",
            "owner_id": "637423240208",
            "tags": {
              "Name": "igw"
            },
            "tags_all": {
              "Name": "igw"
            },
            "timeouts": null,
            "vpc_id": "vpc-0354c100fe5228e3a"
          },
          "sensitive_attributes": [],
          "private": "eyJlMmJmYjczMC1lY2FhLTExZTYtOGY4OC0zNDM2M2JjN2M0YzAiOnsiY3JlYXRlIjoxMjAwMDAwMDAwMDAwLCJkZWxldGUiOjEyMDAwMDAwMDAwMDAsInVwZGF0ZSI6MTIwMDAwMDAwMDAwMH19",
          "dependencies": [
            "aws_vpc.prod-vpc"
          ]
        }
      ]
    },
    {
      "mode": "managed",
      "type": "aws_key_pair",
      "name": "access-key",
      "provider": "provider[\"registry.terraform.io/hashicorp/aws\"]",
      "instances": [
        {
          "schema_version": 1,
          "attributes": {
            "arn": "arn:aws:ec2:us-east-1:637423240208:key-pair/access-key",
            "fingerprint": "42:ab:e3:a4:f9:e0:57:4b:50:e3:54:e3:5b:d1:30:fa",
            "id": "access-key",
            "key_name": "access-key",
            "key_name_prefix": "",
            "key_pair_id": "key-095cdbd9f9ac8f53e",
            "key_type": "rsa",
            "public_key": "ssh-rsa AAAAB3NzaC1yc2EAAAADAQABAAACAQDJa3M9CR4ntGJsZvOBpnIZpekkcQlYF8qd3TJvRdWrvR8+ha4V6OsF4ZU+Cecu2bOe2K3lqQQyv0lKLDR5hmmBm7ewA4OTxRzqTtJ55d038t9SZAm/qhGDvaWNlo4NW2HhW1WFsUUXwOAsazyraGq15L0vNVciZgTOkSa28P1RQFfESKsx7xZUajBO7UyX5JGx39fabJGkbQpBiX8W5uINXgYRD9d7hojjYHpZDZ+LbOchlMSdVcJs2yrfXlxZNbRgDJg8//Vkm6n//wyxLh2FqM90+RcQrc1H04EYg+mQgAw/R3qigoT4VSG4jsO01YAHcSoURGQzlkkAYfBpXD1CHmpAo3JimLmz1j+3ZIrNrFqlInLQ0ewDxAHoOdm1CwTrvZcGqI4BwU3jt+RQCdiLxdzEOohx03+uHI/bhb51inQkL4iHD6FPp61TLj+fMccHAZQTjjcjjI7KjaIwY48+47EGLT+bpl34yS9/Rr14ErkQyQ3ALVuCC877ld0WSyqLfAzAuD4MRdhUNHbPInLlIKgnB4mN1R9L0g5Q9oYn9qVMqqRvzRbTXbeP1Vp7x8iLYmVtxT9xXlVgS5S/+FoujoLqsSSlJ0PwOvkt5Jyc/qwh/3csEL0nnLn4Cvh5ukaNSml2eT84B3nBBJ1/7NmbrFLHo3N6mc1Fn5UNtQMevw==",
            "tags": null,
            "tags_all": {}
          },
          "sensitive_attributes": [],
          "private": "eyJzY2hlbWFfdmVyc2lvbiI6IjEifQ==",
          "dependencies": [
            "tls_private_key.access-key"
          ]
        }
      ]
    },
    {
      "mode": "managed",
      "type": "aws_network_interface",
      "name": "web-server-nic",
      "provider": "provider[\"registry.terraform.io/hashicorp/aws\"]",
      "instances": [
        {
          "schema_version": 0,
          "attributes": {
            "arn": "arn:aws:ec2:us-east-1:637423240208:network-interface/eni-07b192a0e60261936",
            "attachment": [],
            "description": "",
            "id": "eni-07b192a0e60261936",
            "interface_type": "interface",
            "ipv4_prefix_count": 0,
            "ipv4_prefixes": [],
            "ipv6_address_count": 0,
            "ipv6_address_list": [],
            "ipv6_address_list_enabled": false,
            "ipv6_addresses": [],
            "ipv6_prefix_count": 0,
            "ipv6_prefixes": [],
            "mac_address": "0a:ff:e7:83:3d:9b",
            "outpost_arn": "",
            "owner_id": "637423240208",
            "private_dns_name": "",
            "private_ip": "10.0.1.50",
            "private_ip_list": [
              "10.0.1.50"
            ],
            "private_ip_list_enabled": false,
            "private_ips": [
              "10.0.1.50"
            ],
            "private_ips_count": 0,
            "security_groups": [
              "sg-0a7c47fa97f3d78a8"
            ],
            "source_dest_check": true,
            "subnet_id": "subnet-0ee9b84fae93bf079",
            "tags": null,
            "tags_all": {}
          },
          "sensitive_attributes": [],
          "private": "bnVsbA==",
          "dependencies": [
            "aws_security_group.allow_web_ssh",
            "aws_subnet.subnet-1",
            "aws_vpc.prod-vpc"
          ]
        }
      ]
    },
    {
      "mode": "managed",
      "type": "aws_route_table",
      "name": "prod-route-table",
      "provider": "provider[\"registry.terraform.io/hashicorp/aws\"]",
      "instances": [
        {
          "schema_version": 0,
          "attributes": {
            "arn": "arn:aws:ec2:us-east-1:637423240208:route-table/rtb-007c4b3cef8e230e6",
            "id": "rtb-007c4b3cef8e230e6",
            "owner_id": "637423240208",
            "propagating_vgws": [],
            "route": [
              {
                "carrier_gateway_id": "",
                "cidr_block": "0.0.0.0/0",
                "core_network_arn": "",
                "destination_prefix_list_id": "",
                "egress_only_gateway_id": "",
                "gateway_id": "igw-0d80cef8c731fd741",
                "ipv6_cidr_block": "",
                "local_gateway_id": "",
                "nat_gateway_id": "",
                "network_interface_id": "",
                "transit_gateway_id": "",
                "vpc_endpoint_id": "",
                "vpc_peering_connection_id": ""
              }
            ],
            "tags": {
              "Name": "prod-route-table"
            },
            "tags_all": {
              "Name": "prod-route-table"
            },
            "timeouts": null,
            "vpc_id": "vpc-0354c100fe5228e3a"
          },
          "sensitive_attributes": [],
          "private": "eyJlMmJmYjczMC1lY2FhLTExZTYtOGY4OC0zNDM2M2JjN2M0YzAiOnsiY3JlYXRlIjozMDAwMDAwMDAwMDAsImRlbGV0ZSI6MzAwMDAwMDAwMDAwLCJ1cGRhdGUiOjEyMDAwMDAwMDAwMH19",
          "dependencies": [
            "aws_internet_gateway.gw",
            "aws_vpc.prod-vpc"
          ]
        }
      ]
    },
    {
      "mode": "managed",
      "type": "aws_route_table_association",
      "name": "a",
      "provider": "provider[\"registry.terraform.io/hashicorp/aws\"]",
      "instances": [
        {
          "schema_version": 0,
          "attributes": {
            "gateway_id": "",
            "id": "rtbassoc-019c5fb5f3aab1b8c",
            "route_table_id": "rtb-007c4b3cef8e230e6",
            "subnet_id": "subnet-0ee9b84fae93bf079",
            "timeouts": null
          },
          "sensitive_attributes": [],
          "private": "eyJlMmJmYjczMC1lY2FhLTExZTYtOGY4OC0zNDM2M2JjN2M0YzAiOnsiY3JlYXRlIjozMDAwMDAwMDAwMDAsImRlbGV0ZSI6MzAwMDAwMDAwMDAwLCJ1cGRhdGUiOjEyMDAwMDAwMDAwMH19",
          "dependencies": [
            "aws_internet_gateway.gw",
            "aws_route_table.prod-route-table",
            "aws_subnet.subnet-1",
            "aws_vpc.prod-vpc"
          ]
        }
      ]
    },
    {
      "mode": "managed",
      "type": "aws_security_group",
      "name": "allow_web_ssh",
      "provider": "provider[\"registry.terraform.io/hashicorp/aws\"]",
      "instances": [
        {
          "schema_version": 1,
          "attributes": {
            "arn": "arn:aws:ec2:us-east-1:637423240208:security-group/sg-0a7c47fa97f3d78a8",
            "description": "allow web \u0026 ssh traffic",
            "egress": [
              {
                "cidr_blocks": [
                  "0.0.0.0/0"
                ],
                "description": "",
                "from_port": 0,
                "ipv6_cidr_blocks": [],
                "prefix_list_ids": [],
                "protocol": "-1",
                "security_groups": [],
                "self": false,
                "to_port": 0
              }
            ],
            "id": "sg-0a7c47fa97f3d78a8",
            "ingress": [
              {
                "cidr_blocks": [
                  "0.0.0.0/0"
                ],
                "description": "HTTP",
                "from_port": 80,
                "ipv6_cidr_blocks": [],
                "prefix_list_ids": [],
                "protocol": "tcp",
                "security_groups": [],
                "self": false,
                "to_port": 80
              },
              {
                "cidr_blocks": [
                  "0.0.0.0/0"
                ],
                "description": "HTTPS",
                "from_port": 443,
                "ipv6_cidr_blocks": [],
                "prefix_list_ids": [],
                "protocol": "tcp",
                "security_groups": [],
                "self": false,
                "to_port": 443
              },
              {
                "cidr_blocks": [
                  "0.0.0.0/0"
                ],
                "description": "SSH",
                "from_port": 22,
                "ipv6_cidr_blocks": [],
                "prefix_list_ids": [],
                "protocol": "tcp",
                "security_groups": [],
                "self": false,
                "to_port": 22
              }
            ],
            "name": "allow_web_ssh_traffic",
            "name_prefix": "",
            "owner_id": "637423240208",
            "revoke_rules_on_delete": false,
            "tags": {
              "Name": "allow_web_ssh"
            },
            "tags_all": {
              "Name": "allow_web_ssh"
            },
            "timeouts": null,
            "vpc_id": "vpc-0354c100fe5228e3a"
          },
          "sensitive_attributes": [],
          "private": "eyJlMmJmYjczMC1lY2FhLTExZTYtOGY4OC0zNDM2M2JjN2M0YzAiOnsiY3JlYXRlIjo2MDAwMDAwMDAwMDAsImRlbGV0ZSI6OTAwMDAwMDAwMDAwfSwic2NoZW1hX3ZlcnNpb24iOiIxIn0=",
          "dependencies": [
            "aws_vpc.prod-vpc"
          ]
        }
      ]
    },
    {
      "mode": "managed",
      "type": "aws_subnet",
      "name": "subnet-1",
      "provider": "provider[\"registry.terraform.io/hashicorp/aws\"]",
      "instances": [
        {
          "schema_version": 1,
          "attributes": {
            "arn": "arn:aws:ec2:us-east-1:637423240208:subnet/subnet-0ee9b84fae93bf079",
            "assign_ipv6_address_on_creation": false,
            "availability_zone": "us-east-1a",
            "availability_zone_id": "use1-az4",
            "cidr_block": "10.0.1.0/24",
            "customer_owned_ipv4_pool": "",
            "enable_dns64": false,
            "enable_lni_at_device_index": 0,
            "enable_resource_name_dns_a_record_on_launch": false,
            "enable_resource_name_dns_aaaa_record_on_launch": false,
            "id": "subnet-0ee9b84fae93bf079",
            "ipv6_cidr_block": "",
            "ipv6_cidr_block_association_id": "",
            "ipv6_native": false,
            "map_customer_owned_ip_on_launch": false,
            "map_public_ip_on_launch": false,
            "outpost_arn": "",
            "owner_id": "637423240208",
            "private_dns_hostname_type_on_launch": "ip-name",
            "tags": {
              "Name": "prod-subnet"
            },
            "tags_all": {
              "Name": "prod-subnet"
            },
            "timeouts": null,
            "vpc_id": "vpc-0354c100fe5228e3a"
          },
          "sensitive_attributes": [],
          "private": "eyJlMmJmYjczMC1lY2FhLTExZTYtOGY4OC0zNDM2M2JjN2M0YzAiOnsiY3JlYXRlIjo2MDAwMDAwMDAwMDAsImRlbGV0ZSI6MTIwMDAwMDAwMDAwMH0sInNjaGVtYV92ZXJzaW9uIjoiMSJ9",
          "dependencies": [
            "aws_vpc.prod-vpc"
          ]
        }
      ]
    },
    {
      "mode": "managed",
      "type": "aws_vpc",
      "name": "prod-vpc",
      "provider": "provider[\"registry.terraform.io/hashicorp/aws\"]",
      "instances": [
        {
          "schema_version": 1,
          "attributes": {
            "arn": "arn:aws:ec2:us-east-1:637423240208:vpc/vpc-0354c100fe5228e3a",
            "assign_generated_ipv6_cidr_block": false,
            "cidr_block": "10.0.0.0/16",
            "default_network_acl_id": "acl-0c3cae5c08d08f04c",
            "default_route_table_id": "rtb-006bfeaf8c17b0f7d",
            "default_security_group_id": "sg-01d542ed52f6ca61f",
            "dhcp_options_id": "dopt-0277f568950fdbe98",
            "enable_dns_hostnames": false,
            "enable_dns_support": true,
            "enable_network_address_usage_metrics": false,
            "id": "vpc-0354c100fe5228e3a",
            "instance_tenancy": "default",
            "ipv4_ipam_pool_id": null,
            "ipv4_netmask_length": null,
            "ipv6_association_id": "",
            "ipv6_cidr_block": "",
            "ipv6_cidr_block_network_border_group": "",
            "ipv6_ipam_pool_id": "",
            "ipv6_netmask_length": 0,
            "main_route_table_id": "rtb-006bfeaf8c17b0f7d",
            "owner_id": "637423240208",
            "tags": {
              "Name": "production"
            },
            "tags_all": {
              "Name": "production"
            }
          },
          "sensitive_attributes": [],
          "private": "eyJzY2hlbWFfdmVyc2lvbiI6IjEifQ=="
        }
      ]
    },
    {
      "mode": "managed",
      "type": "local_file",
      "name": "public_key",
      "provider": "provider[\"registry.terraform.io/hashicorp/local\"]",
      "instances": [
        {
          "schema_version": 0,
          "attributes": {
            "content": "ssh-rsa AAAAB3NzaC1yc2EAAAADAQABAAACAQDJa3M9CR4ntGJsZvOBpnIZpekkcQlYF8qd3TJvRdWrvR8+ha4V6OsF4ZU+Cecu2bOe2K3lqQQyv0lKLDR5hmmBm7ewA4OTxRzqTtJ55d038t9SZAm/qhGDvaWNlo4NW2HhW1WFsUUXwOAsazyraGq15L0vNVciZgTOkSa28P1RQFfESKsx7xZUajBO7UyX5JGx39fabJGkbQpBiX8W5uINXgYRD9d7hojjYHpZDZ+LbOchlMSdVcJs2yrfXlxZNbRgDJg8//Vkm6n//wyxLh2FqM90+RcQrc1H04EYg+mQgAw/R3qigoT4VSG4jsO01YAHcSoURGQzlkkAYfBpXD1CHmpAo3JimLmz1j+3ZIrNrFqlInLQ0ewDxAHoOdm1CwTrvZcGqI4BwU3jt+RQCdiLxdzEOohx03+uHI/bhb51inQkL4iHD6FPp61TLj+fMccHAZQTjjcjjI7KjaIwY48+47EGLT+bpl34yS9/Rr14ErkQyQ3ALVuCC877ld0WSyqLfAzAuD4MRdhUNHbPInLlIKgnB4mN1R9L0g5Q9oYn9qVMqqRvzRbTXbeP1Vp7x8iLYmVtxT9xXlVgS5S/+FoujoLqsSSlJ0PwOvkt5Jyc/qwh/3csEL0nnLn4Cvh5ukaNSml2eT84B3nBBJ1/7NmbrFLHo3N6mc1Fn5UNtQMevw==\n",
            "content_base64": null,
            "content_base64sha256": "TXomTwu14VXtJEXbiHCH3Ks2NEjroDnb/4Pu6bHO1Vg=",
            "content_base64sha512": "uJT2MN3f3pUCec1/4mJAveos0BH3ZyRjFMwV2Fuv/HpfubaSDAaPnBTVFhXKhosXYc4vqDSfaOg+wviHxE2vpQ==",
            "content_md5": "8405143ca8a981b88411828dcc64065e",
            "content_sha1": "f19af70261cce3d7b09fe849534fbb6703ffeb0c",
            "content_sha256": "4d7a264f0bb5e155ed2445db887087dcab363448eba039dbff83eee9b1ced558",
            "content_sha512": "b894f630dddfde950279cd7fe26240bdea2cd011f767246314cc15d85baffc7a5fb9b6920c068f9c14d51615ca868b1761ce2fa8349f68e83ec2f887c44dafa5",
            "directory_permission": "0777",
            "file_permission": "0644",
            "filename": "./access-key.pub",
            "id": "f19af70261cce3d7b09fe849534fbb6703ffeb0c",
            "sensitive_content": null,
            "source": null
          },
          "sensitive_attributes": [
            [
              {
                "type": "get_attr",
                "value": "sensitive_content"
              }
            ]
          ],
          "dependencies": [
            "tls_private_key.access-key"
          ]
        }
      ]
    },
    {
      "mode": "managed",
      "type": "tls_private_key",
      "name": "access-key",
      "provider": "provider[\"registry.terraform.io/hashicorp/tls\"]",
      "instances": [
        {
          "schema_version": 1,
          "attributes": {
            "algorithm": "RSA",
            "ecdsa_curve": "P224",
            "id": "3b6ed9e2035fad3403e860bbefc8aeb0f08fe0cb",
            "private_key_openssh": "-----BEGIN OPENSSH PRIVATE KEY-----\nb3BlbnNzaC1rZXktdjEAAAAABG5vbmUAAAAEbm9uZQAAAAAAAAABAAACFwAAAAdz\nc2gtcnNhAAAAAwEAAQAAAgEAyWtzPQkeJ7RibGbzgaZyGaXpJHEJWBfKnd0yb0XV\nq70fPoWuFejrBeGVPgnnLtmzntit5akEMr9JSiw0eYZpgZu3sAODk8Uc6k7SeeXd\nN/LfUmQJv6oRg72ljZaODVth4VtVhbFFF8DgLGs8q2hqteS9LzVXImYEzpEmtvD9\nUUBXxEirMe8WVGowTu1Ml+SRsd/X2myRpG0KQYl/FubiDV4GEQ/Xe4aI42B6WQ2f\ni2znIZTEnVXCbNsq315cWTW0YAyYPP/1ZJup//8MsS4dhajPdPkXEK3NR9OBGIPp\nkIAMP0d6ooKE+FUhuI7DtNWAB3EqFERkM5ZJAGHwaVw9Qh5qQKNyYpi5s9Y/t2SK\nzaxapSJy0NHsA8QB6DnZtQsE672XBqiOAcFN47fkUAnYi8XcxDqIcdN/rhyP24W+\ndYp0JC+Ihw+hT6etUy4/nzHHBwGUE443I4yOyo2iMGOPPuOxBi0/m6Zd+Mkvf0a9\neBK5EMkNwC1bggvO+5XdFksqi3wMwLg+DEXYVDR2zyJy5SCoJweJjdUfS9IOUPaG\nJ/alTKqkb80W0123j9Vae8fIi2JlbcU/cV5VYEuUv/haLo6C6rEkpSdD8Dr5LeSc\nnP6sIf93LBC9J5y5+Ar4ebpGjUppdnk/OAd5wQSdf+zZm6xSx6NzepnNRZ+VDbUD\nHr8AAAc4BtPrZgbT62YAAAAHc3NoLXJzYQAAAgEAyWtzPQkeJ7RibGbzgaZyGaXp\nJHEJWBfKnd0yb0XVq70fPoWuFejrBeGVPgnnLtmzntit5akEMr9JSiw0eYZpgZu3\nsAODk8Uc6k7SeeXdN/LfUmQJv6oRg72ljZaODVth4VtVhbFFF8DgLGs8q2hqteS9\nLzVXImYEzpEmtvD9UUBXxEirMe8WVGowTu1Ml+SRsd/X2myRpG0KQYl/FubiDV4G\nEQ/Xe4aI42B6WQ2fi2znIZTEnVXCbNsq315cWTW0YAyYPP/1ZJup//8MsS4dhajP\ndPkXEK3NR9OBGIPpkIAMP0d6ooKE+FUhuI7DtNWAB3EqFERkM5ZJAGHwaVw9Qh5q\nQKNyYpi5s9Y/t2SKzaxapSJy0NHsA8QB6DnZtQsE672XBqiOAcFN47fkUAnYi8Xc\nxDqIcdN/rhyP24W+dYp0JC+Ihw+hT6etUy4/nzHHBwGUE443I4yOyo2iMGOPPuOx\nBi0/m6Zd+Mkvf0a9eBK5EMkNwC1bggvO+5XdFksqi3wMwLg+DEXYVDR2zyJy5SCo\nJweJjdUfS9IOUPaGJ/alTKqkb80W0123j9Vae8fIi2JlbcU/cV5VYEuUv/haLo6C\n6rEkpSdD8Dr5LeScnP6sIf93LBC9J5y5+Ar4ebpGjUppdnk/OAd5wQSdf+zZm6xS\nx6NzepnNRZ+VDbUDHr8AAAADAQABAAACAQCSY0yizJClDL4HyR8rWFxO9b0nZhwD\ncW8qIsx4AMpVgiNGHoQymlDNunDsYOgrrb+VMCfa5WcOtuW+Sbhtplnh/9mVzEgB\nyt3EETt5qq2H7zWNvPU03pbSJ7A94nEllgficK4Md5UeuWh0ABBdB4ue3Tr+J4dH\nkdvmgaogha+mMNxY5PO/W+PfwDmR83eaYV3eaDCKKCQF29X7YcIDVBRw4KgKGHhk\n55dvofvp4zPUcnbdejEXpG+lC/jx1LPLhnOs5xpyIxknYNdCHg0MbNa6AMGeYzb3\nQUoT7M1DkwPaqKW+C+Y+XBvmHIFgkCn+sLjXL9EEX9xvfcdaxtOiz44YxyHXwkeE\nZk0NJ9ClsEEqHp1+Cgi9Y6cSDMGTuBWAezO3sH+szsFdyXF+zkBUpc3Va2IWK57C\nBonB0QOwUEIGYC8zQGIWnFKrfriD5JgXeFCXuSqK0lcEoH65u58ZrvRY0AZAnyjj\n1GdeQE9/NJtk9oa7Nqn5l5gh7fjYKV9DS5XdiL9mZVIH+qELV+xTtQ1Xn8x5PZU2\nI7OKZKg2QY4572Fvo8oYk0IOxjtUjVx6PnFGHDdWMA58ncCHzf+qrkMqHOfZedIs\n5TZY/1X+7JEezrv9ik2kCYXvpctf8FkGWtLTqujaT8dtoH7h58NdXyP2BasWJr+5\nIxrjL7ySCVy+GQAAAQEA3PsAXLDA/vToOlSItqbhZuHy6XLSN1kTBdwlMmi0Lsgp\n1P2P+8jiFeN/vEGmCmp/JTeR/AdfXijY4+tmv5OjZy+jg4K2JB0QykrmdtxuXhV3\n255mmTbrSp6xyFiI1V3cjTsFh7o8nGUcawN+vOdShHRjb0WOlROGtTCr52OXHyw7\nD5KE7b34cb5jIYxDI/UqEea1A2DsEYz/YkmBSd38DBxXcGybJ5y8OG+AVp0QsYE+\nx491B/q+0Q3SXD1bqYjNRrTfeBe+ss6Se/wgiNcQAVjTxclT8hOfaBLAsFLEXEcs\ndi25DjG0Lzlraj6L7Dpgj22TXl+rmXaaleJD6Az4iAAAAQEA+xiYv5Re4Pz8PSnY\nxOaWDmtj8iwZYXh7ThX9x9Wtcc0ibuB7qPG8ydJFQKliim5QN/1vCpMLnwNGHbp9\nDBqwE6N/Pj9YsFGIAQJbjknKsli76HiTW3kLRxJPjxF13YMx1pN4bLwSEFWBw5w0\nTpOoAbyEpvHZdHcsUU4OZF6Z4t7Foze+rLohU39VCThrwj8sF83MBq2CQloaGRJo\nymBvdBHPo2XBZmqTekTkHead8mf6aUMrhWjaWXvulA1lWMnkCtXLd4EwO9FGxxdJ\nFqa4WNFXFmcCTFQ4Hd1V4lVulApaU24yjiXtWctpTMThz9vzHN04VSaMFGTgiMJW\n9Ntk4wAAAQEAzVp8qT/0ANMbA30LSZgXDDgZYY6+z6koVJ9JbvN042R0pnJoKF2P\neJ48XRTvUwoNU13ZXMG2j1GYYRhyw8ad/zcWk1yszwszSB3u4pRDgO4WErRtACbe\nUbYxNZYnxht8/LIOpmlpTIidVYIuvFybA3tN98hYdoF3IaT2fYWIrxWrxBH0rKJh\nMjmppcxbMCskJo7hCT3YBof/eVLJ4zXzFcqL1DFFAJP0ulCuwUQ9Dn8IQAtoso/Z\nu7MZNE3Y0gsOjIttHcn3tbM4mlJqgxdlj0V+fJXo1c7LhOL/mpnnIndvk30RO2Rg\n96/ub57CP+s+d345hZ36CNhBhDAUAaxhdQAAAAAB\n-----END OPENSSH PRIVATE KEY-----\n",
            "private_key_pem": "-----BEGIN RSA PRIVATE KEY-----\nMIIJKgIBAAKCAgEAyWtzPQkeJ7RibGbzgaZyGaXpJHEJWBfKnd0yb0XVq70fPoWu\nFejrBeGVPgnnLtmzntit5akEMr9JSiw0eYZpgZu3sAODk8Uc6k7SeeXdN/LfUmQJ\nv6oRg72ljZaODVth4VtVhbFFF8DgLGs8q2hqteS9LzVXImYEzpEmtvD9UUBXxEir\nMe8WVGowTu1Ml+SRsd/X2myRpG0KQYl/FubiDV4GEQ/Xe4aI42B6WQ2fi2znIZTE\nnVXCbNsq315cWTW0YAyYPP/1ZJup//8MsS4dhajPdPkXEK3NR9OBGIPpkIAMP0d6\nooKE+FUhuI7DtNWAB3EqFERkM5ZJAGHwaVw9Qh5qQKNyYpi5s9Y/t2SKzaxapSJy\n0NHsA8QB6DnZtQsE672XBqiOAcFN47fkUAnYi8XcxDqIcdN/rhyP24W+dYp0JC+I\nhw+hT6etUy4/nzHHBwGUE443I4yOyo2iMGOPPuOxBi0/m6Zd+Mkvf0a9eBK5EMkN\nwC1bggvO+5XdFksqi3wMwLg+DEXYVDR2zyJy5SCoJweJjdUfS9IOUPaGJ/alTKqk\nb80W0123j9Vae8fIi2JlbcU/cV5VYEuUv/haLo6C6rEkpSdD8Dr5LeScnP6sIf93\nLBC9J5y5+Ar4ebpGjUppdnk/OAd5wQSdf+zZm6xSx6NzepnNRZ+VDbUDHr8CAwEA\nAQKCAgEAkmNMosyQpQy+B8kfK1hcTvW9J2YcA3FvKiLMeADKVYIjRh6EMppQzbpw\n7GDoK62/lTAn2uVnDrblvkm4baZZ4f/ZlcxIAcrdxBE7eaqth+81jbz1NN6W0iew\nPeJxJZYH4nCuDHeVHrlodAAQXQeLnt06/ieHR5Hb5oGqIIWvpjDcWOTzv1vj38A5\nkfN3mmFd3mgwiigkBdvV+2HCA1QUcOCoChh4ZOeXb6H76eMz1HJ23XoxF6RvpQv4\n8dSzy4ZzrOcaciMZJ2DXQh4NDGzWugDBnmM290FKE+zNQ5MD2qilvgvmPlwb5hyB\nYJAp/rC41y/RBF/cb33HWsbTos+OGMch18JHhGZNDSfQpbBBKh6dfgoIvWOnEgzB\nk7gVgHszt7B/rM7BXclxfs5AVKXN1WtiFiuewgaJwdEDsFBCBmAvM0BiFpxSq364\ng+SYF3hQl7kqitJXBKB+ubufGa70WNAGQJ8o49RnXkBPfzSbZPaGuzap+ZeYIe34\n2ClfQ0uV3Yi/ZmVSB/qhC1fsU7UNV5/MeT2VNiOzimSoNkGOOe9hb6PKGJNCDsY7\nVI1cej5xRhw3VjAOfJ3Ah83/qq5DKhzn2XnSLOU2WP9V/uyRHs67/YpNpAmF76XL\nX/BZBlrS06ro2k/HbaB+4efDXV8j9gWrFia/uSMa4y+8kglcvhkCggEBAPsYmL+U\nXuD8/D0p2MTmlg5rY/IsGWF4e04V/cfVrXHNIm7ge6jxvMnSRUCpYopuUDf9bwqT\nC58DRh26fQwasBOjfz4/WLBRiAECW45JyrJYu+h4k1t5C0cST48Rdd2DMdaTeGy8\nEhBVgcOcNE6TqAG8hKbx2XR3LFFODmRemeLexaM3vqy6IVN/VQk4a8I/LBfNzAat\ngkJaGhkSaMpgb3QRz6NlwWZqk3pE5B3mnfJn+mlDK4Vo2ll77pQNZVjJ5ArVy3eB\nMDvRRscXSRamuFjRVxZnAkxUOB3dVeJVbpQKWlNuMo4l7VnLaUzE4c/b8xzdOFUm\njBRk4IjCVvTbZOMCggEBAM1afKk/9ADTGwN9C0mYFww4GWGOvs+pKFSfSW7zdONk\ndKZyaChdj3iePF0U71MKDVNd2VzBto9RmGEYcsPGnf83FpNcrM8LM0gd7uKUQ4Du\nFhK0bQAm3lG2MTWWJ8YbfPyyDqZpaUyInVWCLrxcmwN7TffIWHaBdyGk9n2FiK8V\nq8QR9KyiYTI5qaXMWzArJCaO4Qk92AaH/3lSyeM18xXKi9QxRQCT9LpQrsFEPQ5/\nCEALaLKP2buzGTRN2NILDoyLbR3J97WzOJpSaoMXZY9FfnyV6NXOy4Ti/5qZ5yJ3\nb5N9ETtkYPev7m+ewj/rPnd+OYWd+gjYQYQwFAGsYXUCggEAeVbbicjzSJo4cn4k\naJJddT5kIAU7hqSoQYXTC5ywokvVFeuZFn0rFARuvt6b5fWFAmmQHXYNqZv1aCxU\nfWLwL61Usgn+m8XqiUJQaCQ0tZa3x5Fs9Ek8L+4jUCnJ4W+ix+SfzzvbJtWLTbHQ\nfSBRkfU9zUcWJHfqjKfBwLMOflnU/BjWJbYUoLrppvkC6e2JKz+iFqAGUHYmInOI\n/DM56McqpfVoTku2VOGxstlc/mVM101EXMXcrl17X0RR82QstSe3mVpuqplpMJCK\nG04Zy6HuCb9hlu0j6RqqhCNwuk1+dM7N0290kW4Axr5luQK7KvmkXVGxY7GT58Ky\nLsVOrQKCAQEAyUh+lK85Dm3eNqcknzhSrwl152gxo/6cp4WSRwyfcBwRMu1FJvu+\nG26OoHZatzxNH4AIBKFjvksuX03FgBx41aY7nKnkQPUriO6+Lp1BJWk5fZAYn2N5\n2wIIbgwGZGqhMledgIQmUHxAK4Z1JPBoiRsdq1hXTaFNEk9NxG9VMLi/KmqnN2fa\neY6HuRn779T5lEnMTnCuBIjdYyBA/1LsOFnWgWDhz9U2tkFLaejnKARgI9aLAyt5\nMkA03k3HzupDkoM/q0lCYnmPa8SI3oHabHqjpp6SILCYUGLoQ7PDGMeVOC4I6/xS\nB7YMsqAcquZ8zkeNPmlAodbHMTinA5Th2QKCAQEA3PsAXLDA/vToOlSItqbhZuHy\n6XLSN1kTBdwlMmi0Lsgp1P2P+8jiFeN/vEGmCmp/JTeR/AdfXijY4+tmv5OjZy+j\ng4K2JB0QykrmdtxuXhV3255mmTbrSp6xyFiI1V3cjTsFh7o8nGUcawN+vOdShHRj\nb0WOlROGtTCr52OXHyw7D5KE7b34cb5jIYxDI/UqEea1A2DsEYz/YkmBSd38DBxX\ncGybJ5y8OG+AVp0QsYE+x491B/q+0Q3SXD1bqYjNRrTfeBe+ss6Se/wgiNcQAVjT\nxclT8hOfaBLAsFLEXEcsdi25DjG0Lzlraj6L7Dpgj22TXl+rmXaaleJD6Az4iA==\n-----END RSA PRIVATE KEY-----\n",
            "private_key_pem_pkcs8": "-----BEGIN PRIVATE KEY-----\nMIIJRAIBADANBgkqhkiG9w0BAQEFAASCCS4wggkqAgEAAoICAQDJa3M9CR4ntGJs\nZvOBpnIZpekkcQlYF8qd3TJvRdWrvR8+ha4V6OsF4ZU+Cecu2bOe2K3lqQQyv0lK\nLDR5hmmBm7ewA4OTxRzqTtJ55d038t9SZAm/qhGDvaWNlo4NW2HhW1WFsUUXwOAs\nazyraGq15L0vNVciZgTOkSa28P1RQFfESKsx7xZUajBO7UyX5JGx39fabJGkbQpB\niX8W5uINXgYRD9d7hojjYHpZDZ+LbOchlMSdVcJs2yrfXlxZNbRgDJg8//Vkm6n/\n/wyxLh2FqM90+RcQrc1H04EYg+mQgAw/R3qigoT4VSG4jsO01YAHcSoURGQzlkkA\nYfBpXD1CHmpAo3JimLmz1j+3ZIrNrFqlInLQ0ewDxAHoOdm1CwTrvZcGqI4BwU3j\nt+RQCdiLxdzEOohx03+uHI/bhb51inQkL4iHD6FPp61TLj+fMccHAZQTjjcjjI7K\njaIwY48+47EGLT+bpl34yS9/Rr14ErkQyQ3ALVuCC877ld0WSyqLfAzAuD4MRdhU\nNHbPInLlIKgnB4mN1R9L0g5Q9oYn9qVMqqRvzRbTXbeP1Vp7x8iLYmVtxT9xXlVg\nS5S/+FoujoLqsSSlJ0PwOvkt5Jyc/qwh/3csEL0nnLn4Cvh5ukaNSml2eT84B3nB\nBJ1/7NmbrFLHo3N6mc1Fn5UNtQMevwIDAQABAoICAQCSY0yizJClDL4HyR8rWFxO\n9b0nZhwDcW8qIsx4AMpVgiNGHoQymlDNunDsYOgrrb+VMCfa5WcOtuW+Sbhtplnh\n/9mVzEgByt3EETt5qq2H7zWNvPU03pbSJ7A94nEllgficK4Md5UeuWh0ABBdB4ue\n3Tr+J4dHkdvmgaogha+mMNxY5PO/W+PfwDmR83eaYV3eaDCKKCQF29X7YcIDVBRw\n4KgKGHhk55dvofvp4zPUcnbdejEXpG+lC/jx1LPLhnOs5xpyIxknYNdCHg0MbNa6\nAMGeYzb3QUoT7M1DkwPaqKW+C+Y+XBvmHIFgkCn+sLjXL9EEX9xvfcdaxtOiz44Y\nxyHXwkeEZk0NJ9ClsEEqHp1+Cgi9Y6cSDMGTuBWAezO3sH+szsFdyXF+zkBUpc3V\na2IWK57CBonB0QOwUEIGYC8zQGIWnFKrfriD5JgXeFCXuSqK0lcEoH65u58ZrvRY\n0AZAnyjj1GdeQE9/NJtk9oa7Nqn5l5gh7fjYKV9DS5XdiL9mZVIH+qELV+xTtQ1X\nn8x5PZU2I7OKZKg2QY4572Fvo8oYk0IOxjtUjVx6PnFGHDdWMA58ncCHzf+qrkMq\nHOfZedIs5TZY/1X+7JEezrv9ik2kCYXvpctf8FkGWtLTqujaT8dtoH7h58NdXyP2\nBasWJr+5IxrjL7ySCVy+GQKCAQEA+xiYv5Re4Pz8PSnYxOaWDmtj8iwZYXh7ThX9\nx9Wtcc0ibuB7qPG8ydJFQKliim5QN/1vCpMLnwNGHbp9DBqwE6N/Pj9YsFGIAQJb\njknKsli76HiTW3kLRxJPjxF13YMx1pN4bLwSEFWBw5w0TpOoAbyEpvHZdHcsUU4O\nZF6Z4t7Foze+rLohU39VCThrwj8sF83MBq2CQloaGRJoymBvdBHPo2XBZmqTekTk\nHead8mf6aUMrhWjaWXvulA1lWMnkCtXLd4EwO9FGxxdJFqa4WNFXFmcCTFQ4Hd1V\n4lVulApaU24yjiXtWctpTMThz9vzHN04VSaMFGTgiMJW9Ntk4wKCAQEAzVp8qT/0\nANMbA30LSZgXDDgZYY6+z6koVJ9JbvN042R0pnJoKF2PeJ48XRTvUwoNU13ZXMG2\nj1GYYRhyw8ad/zcWk1yszwszSB3u4pRDgO4WErRtACbeUbYxNZYnxht8/LIOpmlp\nTIidVYIuvFybA3tN98hYdoF3IaT2fYWIrxWrxBH0rKJhMjmppcxbMCskJo7hCT3Y\nBof/eVLJ4zXzFcqL1DFFAJP0ulCuwUQ9Dn8IQAtoso/Zu7MZNE3Y0gsOjIttHcn3\ntbM4mlJqgxdlj0V+fJXo1c7LhOL/mpnnIndvk30RO2Rg96/ub57CP+s+d345hZ36\nCNhBhDAUAaxhdQKCAQB5VtuJyPNImjhyfiRokl11PmQgBTuGpKhBhdMLnLCiS9UV\n65kWfSsUBG6+3pvl9YUCaZAddg2pm/VoLFR9YvAvrVSyCf6bxeqJQlBoJDS1lrfH\nkWz0STwv7iNQKcnhb6LH5J/PO9sm1YtNsdB9IFGR9T3NRxYkd+qMp8HAsw5+WdT8\nGNYlthSguumm+QLp7YkrP6IWoAZQdiYic4j8Mznoxyql9WhOS7ZU4bGy2Vz+ZUzX\nTURcxdyuXXtfRFHzZCy1J7eZWm6qmWkwkIobThnLoe4Jv2GW7SPpGqqEI3C6TX50\nzs3Tb3SRbgDGvmW5Arsq+aRdUbFjsZPnwrIuxU6tAoIBAQDJSH6UrzkObd42pySf\nOFKvCXXnaDGj/pynhZJHDJ9wHBEy7UUm+74bbo6gdlq3PE0fgAgEoWO+Sy5fTcWA\nHHjVpjucqeRA9SuI7r4unUElaTl9kBifY3nbAghuDAZkaqEyV52AhCZQfEArhnUk\n8GiJGx2rWFdNoU0ST03Eb1UwuL8qaqc3Z9p5joe5Gfvv1PmUScxOcK4EiN1jIED/\nUuw4WdaBYOHP1Ta2QUtp6OcoBGAj1osDK3kyQDTeTcfO6kOSgz+rSUJieY9rxIje\ngdpseqOmnpIgsJhQYuhDs8MYx5U4Lgjr/FIHtgyyoByq5nzOR40+aUCh1scxOKcD\nlOHZAoIBAQDc+wBcsMD+9Og6VIi2puFm4fLpctI3WRMF3CUyaLQuyCnU/Y/7yOIV\n43+8QaYKan8lN5H8B19eKNjj62a/k6NnL6ODgrYkHRDKSuZ23G5eFXfbnmaZNutK\nnrHIWIjVXdyNOwWHujycZRxrA36851KEdGNvRY6VE4a1MKvnY5cfLDsPkoTtvfhx\nvmMhjEMj9SoR5rUDYOwRjP9iSYFJ3fwMHFdwbJsnnLw4b4BWnRCxgT7Hj3UH+r7R\nDdJcPVupiM1GtN94F76yzpJ7/CCI1xABWNPFyVPyE59oEsCwUsRcRyx2LbkOMbQv\nOWtqPovsOmCPbZNeX6uZdpqV4kPoDPiI\n-----END PRIVATE KEY-----\n",
            "public_key_fingerprint_md5": "3d:ac:37:fe:1d:b4:79:a5:42:a9:48:4f:2d:fb:1c:81",
            "public_key_fingerprint_sha256": "SHA256:w7byQ/y3C+H4Cm7EDzI2rJvMYkehsstLI7sv4XFpzKo",
            "public_key_openssh": "ssh-rsa AAAAB3NzaC1yc2EAAAADAQABAAACAQDJa3M9CR4ntGJsZvOBpnIZpekkcQlYF8qd3TJvRdWrvR8+ha4V6OsF4ZU+Cecu2bOe2K3lqQQyv0lKLDR5hmmBm7ewA4OTxRzqTtJ55d038t9SZAm/qhGDvaWNlo4NW2HhW1WFsUUXwOAsazyraGq15L0vNVciZgTOkSa28P1RQFfESKsx7xZUajBO7UyX5JGx39fabJGkbQpBiX8W5uINXgYRD9d7hojjYHpZDZ+LbOchlMSdVcJs2yrfXlxZNbRgDJg8//Vkm6n//wyxLh2FqM90+RcQrc1H04EYg+mQgAw/R3qigoT4VSG4jsO01YAHcSoURGQzlkkAYfBpXD1CHmpAo3JimLmz1j+3ZIrNrFqlInLQ0ewDxAHoOdm1CwTrvZcGqI4BwU3jt+RQCdiLxdzEOohx03+uHI/bhb51inQkL4iHD6FPp61TLj+fMccHAZQTjjcjjI7KjaIwY48+47EGLT+bpl34yS9/Rr14ErkQyQ3ALVuCC877ld0WSyqLfAzAuD4MRdhUNHbPInLlIKgnB4mN1R9L0g5Q9oYn9qVMqqRvzRbTXbeP1Vp7x8iLYmVtxT9xXlVgS5S/+FoujoLqsSSlJ0PwOvkt5Jyc/qwh/3csEL0nnLn4Cvh5ukaNSml2eT84B3nBBJ1/7NmbrFLHo3N6mc1Fn5UNtQMevw==\n",
            "public_key_pem": "-----BEGIN PUBLIC KEY-----\nMIICIjANBgkqhkiG9w0BAQEFAAOCAg8AMIICCgKCAgEAyWtzPQkeJ7RibGbzgaZy\nGaXpJHEJWBfKnd0yb0XVq70fPoWuFejrBeGVPgnnLtmzntit5akEMr9JSiw0eYZp\ngZu3sAODk8Uc6k7SeeXdN/LfUmQJv6oRg72ljZaODVth4VtVhbFFF8DgLGs8q2hq\nteS9LzVXImYEzpEmtvD9UUBXxEirMe8WVGowTu1Ml+SRsd/X2myRpG0KQYl/Fubi\nDV4GEQ/Xe4aI42B6WQ2fi2znIZTEnVXCbNsq315cWTW0YAyYPP/1ZJup//8MsS4d\nhajPdPkXEK3NR9OBGIPpkIAMP0d6ooKE+FUhuI7DtNWAB3EqFERkM5ZJAGHwaVw9\nQh5qQKNyYpi5s9Y/t2SKzaxapSJy0NHsA8QB6DnZtQsE672XBqiOAcFN47fkUAnY\ni8XcxDqIcdN/rhyP24W+dYp0JC+Ihw+hT6etUy4/nzHHBwGUE443I4yOyo2iMGOP\nPuOxBi0/m6Zd+Mkvf0a9eBK5EMkNwC1bggvO+5XdFksqi3wMwLg+DEXYVDR2zyJy\n5SCoJweJjdUfS9IOUPaGJ/alTKqkb80W0123j9Vae8fIi2JlbcU/cV5VYEuUv/ha\nLo6C6rEkpSdD8Dr5LeScnP6sIf93LBC9J5y5+Ar4ebpGjUppdnk/OAd5wQSdf+zZ\nm6xSx6NzepnNRZ+VDbUDHr8CAwEAAQ==\n-----END PUBLIC KEY-----\n",
            "rsa_bits": 4096
          },
          "sensitive_attributes": [
            [
              {
                "type": "get_attr",
                "value": "private_key_openssh"
              }
            ],
            [
              {
                "type": "get_attr",
                "value": "private_key_pem_pkcs8"
              }
            ],
            [
              {
                "type": "get_attr",
                "value": "private_key_pem"
              }
            ]
          ]
        }
      ]
    }
  ],
  "check_results": null
}
